
Microsoft Visual Studio Solution File, Format Version 12.00
# Visual Studio Version 17
VisualStudioVersion = 17.11.35303.130
MinimumVisualStudioVersion = 10.0.40219.1
Project("{FAE04EC0-301F-11D3-BF4B-00C04F79EFBC}") = "ScreenConfig", "dxgi-info-Csharp\ScreenConfig.csproj", "{B4FA7045-D6D5-4789-9923-DC47507E4D8E}"
EndProject
Global
	GlobalSection(SolutionConfigurationPlatforms) = preSolution
		Debug|Any CPU = Debug|Any CPU
		Release|Any CPU = Release|Any CPU
	EndGlobalSection
	GlobalSection(ProjectConfigurationPlatforms) = postSolution
		{B4FA7045-D6D5-4789-9923-DC47507E4D8E}.Debug|Any CPU.ActiveCfg = Debug|Any CPU
		{B4FA7045-D6D5-4789-9923-DC47507E4D8E}.Debug|Any CPU.Build.0 = Debug|Any CPU
		{B4FA7045-D6D5-4789-9923-DC47507E4D8E}.Release|Any CPU.ActiveCfg = Release|Any CPU
		{B4FA7045-D6D5-4789-9923-DC47507E4D8E}.Release|Any CPU.Build.0 = Release|Any CPU
	EndGlobalSection
	GlobalSection(SolutionProperties) = preSolution
		HideSolutionNode = FALSE
	EndGlobalSection
	GlobalSection(ExtensibilityGlobals) = postSolution
		SolutionGuid = {DD920AEB-E74B-46F7-9327-1DDB9FC524F9}
	EndGlobalSection
EndGlobal
